
Microsoft Visual Studio Solution File, Format Version 12.00
# Visual Studio 15
VisualStudioVersion = 15.0.28010.2041
MinimumVisualStudioVersion = 10.0.40219.1
Project("{9A19103F-16F7-4668-BE54-9A1E7A4F7556}") = "KeyVault", "src\KeyVault\KeyVault.csproj", "{4A28F3A9-F5A0-4350-A18C-2CFF2D987338}"
EndProject
Project("{FAE04EC0-301F-11D3-BF4B-00C04F79EFBC}") = "ExampleFunction", "src\ExampleFunction\ExampleFunction.csproj", "{849D71F1-FE89-4FA0-8EB9-DCB6555B5503}"
EndProject
Global
	GlobalSection(SolutionConfigurationPlatforms) = preSolution
		Debug|Any CPU = Debug|Any CPU
		Release|Any CPU = Release|Any CPU
	EndGlobalSection
	GlobalSection(ProjectConfigurationPlatforms) = postSolution
		{4A28F3A9-F5A0-4350-A18C-2CFF2D987338}.Debug|Any CPU.ActiveCfg = Debug|Any CPU
		{4A28F3A9-F5A0-4350-A18C-2CFF2D987338}.Debug|Any CPU.Build.0 = Debug|Any CPU
		{4A28F3A9-F5A0-4350-A18C-2CFF2D987338}.Release|Any CPU.ActiveCfg = Release|Any CPU
		{4A28F3A9-F5A0-4350-A18C-2CFF2D987338}.Release|Any CPU.Build.0 = Release|Any CPU
		{849D71F1-FE89-4FA0-8EB9-DCB6555B5503}.Debug|Any CPU.ActiveCfg = Debug|Any CPU
		{849D71F1-FE89-4FA0-8EB9-DCB6555B5503}.Debug|Any CPU.Build.0 = Debug|Any CPU
		{849D71F1-FE89-4FA0-8EB9-DCB6555B5503}.Release|Any CPU.ActiveCfg = Release|Any CPU
		{849D71F1-FE89-4FA0-8EB9-DCB6555B5503}.Release|Any CPU.Build.0 = Release|Any CPU
	EndGlobalSection
	GlobalSection(SolutionProperties) = preSolution
		HideSolutionNode = FALSE
	EndGlobalSection
	GlobalSection(ExtensibilityGlobals) = postSolution
		SolutionGuid = {12D3EF3F-19D9-4E3F-B7F5-0E96B22C7D54}
	EndGlobalSection
EndGlobal
